
Microsoft Visual Studio Solution File, Format Version 12.00
Project("{FAE04EC0-301F-11D3-BF4B-00C04F79EFBC}") = "Cloud.API", "Cloud.API\Cloud.API.csproj", "{03A60AE1-DA71-49A1-B7CD-AA08B0668C61}"
EndProject
Project("{FAE04EC0-301F-11D3-BF4B-00C04F79EFBC}") = "Cloud.Domain", "Cloud.Domain\Cloud.Domain.csproj", "{A454E3F2-C5B8-4AC7-B3B9-0C1EF685E512}"
EndProject
Project("{FAE04EC0-301F-11D3-BF4B-00C04F79EFBC}") = "Cloud.Infrastructure", "Cloud.Infrastructure\Cloud.Infrastructure.csproj", "{FE62317F-4243-4DD6-8E45-D97A5307CBEC}"
EndProject
Project("{FAE04EC0-301F-11D3-BF4B-00C04F79EFBC}") = "Cloud.Application", "Cloud.Application\Cloud.Application.csproj", "{B083F04A-7EB6-4553-AC0D-35E925E9C8B7}"
EndProject
Global
	GlobalSection(SolutionConfigurationPlatforms) = preSolution
		Debug|Any CPU = Debug|Any CPU
		Release|Any CPU = Release|Any CPU
	EndGlobalSection
	GlobalSection(ProjectConfigurationPlatforms) = postSolution
		{03A60AE1-DA71-49A1-B7CD-AA08B0668C61}.Debug|Any CPU.ActiveCfg = Debug|Any CPU
		{03A60AE1-DA71-49A1-B7CD-AA08B0668C61}.Debug|Any CPU.Build.0 = Debug|Any CPU
		{03A60AE1-DA71-49A1-B7CD-AA08B0668C61}.Release|Any CPU.ActiveCfg = Release|Any CPU
		{03A60AE1-DA71-49A1-B7CD-AA08B0668C61}.Release|Any CPU.Build.0 = Release|Any CPU
		{A454E3F2-C5B8-4AC7-B3B9-0C1EF685E512}.Debug|Any CPU.ActiveCfg = Debug|Any CPU
		{A454E3F2-C5B8-4AC7-B3B9-0C1EF685E512}.Debug|Any CPU.Build.0 = Debug|Any CPU
		{A454E3F2-C5B8-4AC7-B3B9-0C1EF685E512}.Release|Any CPU.ActiveCfg = Release|Any CPU
		{A454E3F2-C5B8-4AC7-B3B9-0C1EF685E512}.Release|Any CPU.Build.0 = Release|Any CPU
		{FE62317F-4243-4DD6-8E45-D97A5307CBEC}.Debug|Any CPU.ActiveCfg = Debug|Any CPU
		{FE62317F-4243-4DD6-8E45-D97A5307CBEC}.Debug|Any CPU.Build.0 = Debug|Any CPU
		{FE62317F-4243-4DD6-8E45-D97A5307CBEC}.Release|Any CPU.ActiveCfg = Release|Any CPU
		{FE62317F-4243-4DD6-8E45-D97A5307CBEC}.Release|Any CPU.Build.0 = Release|Any CPU
		{B083F04A-7EB6-4553-AC0D-35E925E9C8B7}.Debug|Any CPU.ActiveCfg = Debug|Any CPU
		{B083F04A-7EB6-4553-AC0D-35E925E9C8B7}.Debug|Any CPU.Build.0 = Debug|Any CPU
		{B083F04A-7EB6-4553-AC0D-35E925E9C8B7}.Release|Any CPU.ActiveCfg = Release|Any CPU
		{B083F04A-7EB6-4553-AC0D-35E925E9C8B7}.Release|Any CPU.Build.0 = Release|Any CPU
	EndGlobalSection
EndGlobal
