
Microsoft Visual Studio Solution File, Format Version 12.00
Project("{FAE04EC0-301F-11D3-BF4B-00C04F79EFBC}") = "Cloud", "Cloud\Cloud.csproj", "{03A60AE1-DA71-49A1-B7CD-AA08B0668C61}"
EndProject
Global
	GlobalSection(SolutionConfigurationPlatforms) = preSolution
		Debug|Any CPU = Debug|Any CPU
		Release|Any CPU = Release|Any CPU
	EndGlobalSection
	GlobalSection(ProjectConfigurationPlatforms) = postSolution
		{03A60AE1-DA71-49A1-B7CD-AA08B0668C61}.Debug|Any CPU.ActiveCfg = Debug|Any CPU
		{03A60AE1-DA71-49A1-B7CD-AA08B0668C61}.Debug|Any CPU.Build.0 = Debug|Any CPU
		{03A60AE1-DA71-49A1-B7CD-AA08B0668C61}.Release|Any CPU.ActiveCfg = Release|Any CPU
		{03A60AE1-DA71-49A1-B7CD-AA08B0668C61}.Release|Any CPU.Build.0 = Release|Any CPU
	EndGlobalSection
EndGlobal
